
Microsoft Visual Studio Solution File, Format Version 12.00
# Visual Studio Version 16
VisualStudioVersion = 16.0.31424.327
MinimumVisualStudioVersion = 10.0.40219.1
Project("{FAE04EC0-301F-11D3-BF4B-00C04F79EFBC}") = "LngModules", "LngModules\LngModules.csproj", "{695D83E8-A86C-4FD0-8114-D3C897A0763B}"
EndProject
Global
	GlobalSection(SolutionConfigurationPlatforms) = preSolution
		Debug|Any CPU = Debug|Any CPU
		Release|Any CPU = Release|Any CPU
	EndGlobalSection
	GlobalSection(ProjectConfigurationPlatforms) = postSolution
		{695D83E8-A86C-4FD0-8114-D3C897A0763B}.Debug|Any CPU.ActiveCfg = Debug|Any CPU
		{695D83E8-A86C-4FD0-8114-D3C897A0763B}.Debug|Any CPU.Build.0 = Debug|Any CPU
		{695D83E8-A86C-4FD0-8114-D3C897A0763B}.Release|Any CPU.ActiveCfg = Release|Any CPU
		{695D83E8-A86C-4FD0-8114-D3C897A0763B}.Release|Any CPU.Build.0 = Release|Any CPU
	EndGlobalSection
	GlobalSection(SolutionProperties) = preSolution
		HideSolutionNode = FALSE
	EndGlobalSection
	GlobalSection(ExtensibilityGlobals) = postSolution
		SolutionGuid = {2C3359B7-55D5-4A7B-A3CA-D79433FC23A6}
	EndGlobalSection
EndGlobal
