
Microsoft Visual Studio Solution File, Format Version 12.00
# Visual Studio Version 16
VisualStudioVersion = 16.0.30907.101
MinimumVisualStudioVersion = 10.0.40219.1
Project("{FAE04EC0-301F-11D3-BF4B-00C04F79EFBC}") = "TimeTickerCounter", "TimeTickerCounter\TimeTickerCounter.csproj", "{3F2409D1-0409-45D9-86A2-D7E35FD2EF79}"
EndProject
Global
	GlobalSection(SolutionConfigurationPlatforms) = preSolution
		Debug|Any CPU = Debug|Any CPU
		Release|Any CPU = Release|Any CPU
	EndGlobalSection
	GlobalSection(ProjectConfigurationPlatforms) = postSolution
		{3F2409D1-0409-45D9-86A2-D7E35FD2EF79}.Debug|Any CPU.ActiveCfg = Debug|Any CPU
		{3F2409D1-0409-45D9-86A2-D7E35FD2EF79}.Debug|Any CPU.Build.0 = Debug|Any CPU
		{3F2409D1-0409-45D9-86A2-D7E35FD2EF79}.Release|Any CPU.ActiveCfg = Release|Any CPU
		{3F2409D1-0409-45D9-86A2-D7E35FD2EF79}.Release|Any CPU.Build.0 = Release|Any CPU
	EndGlobalSection
	GlobalSection(SolutionProperties) = preSolution
		HideSolutionNode = FALSE
	EndGlobalSection
	GlobalSection(ExtensibilityGlobals) = postSolution
		SolutionGuid = {396DECC6-672E-4FFB-B1AB-AE02F34C4F35}
	EndGlobalSection
EndGlobal
