
Microsoft Visual Studio Solution File, Format Version 12.00
# Visual Studio Version 16
VisualStudioVersion = 16.0.31424.327
MinimumVisualStudioVersion = 10.0.40219.1
Project("{FAE04EC0-301F-11D3-BF4B-00C04F79EFBC}") = "TypeCastExmpl", "TypeCastExmpl\TypeCastExmpl.csproj", "{EEE68E28-CB39-476D-BC1C-B7A70399A789}"
EndProject
Global
	GlobalSection(SolutionConfigurationPlatforms) = preSolution
		Debug|Any CPU = Debug|Any CPU
		Release|Any CPU = Release|Any CPU
	EndGlobalSection
	GlobalSection(ProjectConfigurationPlatforms) = postSolution
		{EEE68E28-CB39-476D-BC1C-B7A70399A789}.Debug|Any CPU.ActiveCfg = Debug|Any CPU
		{EEE68E28-CB39-476D-BC1C-B7A70399A789}.Debug|Any CPU.Build.0 = Debug|Any CPU
		{EEE68E28-CB39-476D-BC1C-B7A70399A789}.Release|Any CPU.ActiveCfg = Release|Any CPU
		{EEE68E28-CB39-476D-BC1C-B7A70399A789}.Release|Any CPU.Build.0 = Release|Any CPU
	EndGlobalSection
	GlobalSection(SolutionProperties) = preSolution
		HideSolutionNode = FALSE
	EndGlobalSection
	GlobalSection(ExtensibilityGlobals) = postSolution
		SolutionGuid = {2965B239-B112-41F1-A639-56A8F15A4433}
	EndGlobalSection
EndGlobal
