
Microsoft Visual Studio Solution File, Format Version 12.00
# Visual Studio Version 16
VisualStudioVersion = 16.0.31424.327
MinimumVisualStudioVersion = 10.0.40219.1
Project("{FAE04EC0-301F-11D3-BF4B-00C04F79EFBC}") = "AllChildPreviewKeyDown", "AllChildPreviewKeyDown\AllChildPreviewKeyDown.csproj", "{EDC07900-C370-42B0-A713-1A1791F451FB}"
EndProject
Global
	GlobalSection(SolutionConfigurationPlatforms) = preSolution
		Debug|Any CPU = Debug|Any CPU
		Release|Any CPU = Release|Any CPU
	EndGlobalSection
	GlobalSection(ProjectConfigurationPlatforms) = postSolution
		{EDC07900-C370-42B0-A713-1A1791F451FB}.Debug|Any CPU.ActiveCfg = Debug|Any CPU
		{EDC07900-C370-42B0-A713-1A1791F451FB}.Debug|Any CPU.Build.0 = Debug|Any CPU
		{EDC07900-C370-42B0-A713-1A1791F451FB}.Release|Any CPU.ActiveCfg = Release|Any CPU
		{EDC07900-C370-42B0-A713-1A1791F451FB}.Release|Any CPU.Build.0 = Release|Any CPU
	EndGlobalSection
	GlobalSection(SolutionProperties) = preSolution
		HideSolutionNode = FALSE
	EndGlobalSection
	GlobalSection(ExtensibilityGlobals) = postSolution
		SolutionGuid = {1ADE55E9-41B6-4B05-8382-0614544A8549}
	EndGlobalSection
EndGlobal
