
Microsoft Visual Studio Solution File, Format Version 12.00
# Visual Studio Version 16
VisualStudioVersion = 16.0.31424.327
MinimumVisualStudioVersion = 10.0.40219.1
Project("{FAE04EC0-301F-11D3-BF4B-00C04F79EFBC}") = "CopyObjectProps", "CopyObjectProps\CopyObjectProps.csproj", "{8D84F6CC-523D-4C17-8297-895472B45EAF}"
EndProject
Global
	GlobalSection(SolutionConfigurationPlatforms) = preSolution
		Debug|Any CPU = Debug|Any CPU
		Release|Any CPU = Release|Any CPU
	EndGlobalSection
	GlobalSection(ProjectConfigurationPlatforms) = postSolution
		{8D84F6CC-523D-4C17-8297-895472B45EAF}.Debug|Any CPU.ActiveCfg = Debug|Any CPU
		{8D84F6CC-523D-4C17-8297-895472B45EAF}.Debug|Any CPU.Build.0 = Debug|Any CPU
		{8D84F6CC-523D-4C17-8297-895472B45EAF}.Release|Any CPU.ActiveCfg = Release|Any CPU
		{8D84F6CC-523D-4C17-8297-895472B45EAF}.Release|Any CPU.Build.0 = Release|Any CPU
	EndGlobalSection
	GlobalSection(SolutionProperties) = preSolution
		HideSolutionNode = FALSE
	EndGlobalSection
	GlobalSection(ExtensibilityGlobals) = postSolution
		SolutionGuid = {3F14150B-9C6E-4B20-8F2F-CF9B36B5FF1E}
	EndGlobalSection
EndGlobal
