
Microsoft Visual Studio Solution File, Format Version 12.00
# Visual Studio Version 16
VisualStudioVersion = 16.0.31424.327
MinimumVisualStudioVersion = 10.0.40219.1
Project("{FAE04EC0-301F-11D3-BF4B-00C04F79EFBC}") = "TempWordCollector", "TempWordCollector\TempWordCollector.csproj", "{ACC587C1-0949-4958-BC4A-895904199C5B}"
EndProject
Global
	GlobalSection(SolutionConfigurationPlatforms) = preSolution
		Debug|Any CPU = Debug|Any CPU
		Release|Any CPU = Release|Any CPU
	EndGlobalSection
	GlobalSection(ProjectConfigurationPlatforms) = postSolution
		{ACC587C1-0949-4958-BC4A-895904199C5B}.Debug|Any CPU.ActiveCfg = Debug|Any CPU
		{ACC587C1-0949-4958-BC4A-895904199C5B}.Debug|Any CPU.Build.0 = Debug|Any CPU
		{ACC587C1-0949-4958-BC4A-895904199C5B}.Release|Any CPU.ActiveCfg = Release|Any CPU
		{ACC587C1-0949-4958-BC4A-895904199C5B}.Release|Any CPU.Build.0 = Release|Any CPU
	EndGlobalSection
	GlobalSection(SolutionProperties) = preSolution
		HideSolutionNode = FALSE
	EndGlobalSection
	GlobalSection(ExtensibilityGlobals) = postSolution
		SolutionGuid = {75982A65-9640-4B8C-8C31-F65C04213B1B}
	EndGlobalSection
EndGlobal
