
Microsoft Visual Studio Solution File, Format Version 12.00
# Visual Studio Version 16
VisualStudioVersion = 16.0.30523.141
MinimumVisualStudioVersion = 10.0.40219.1
Project("{FAE04EC0-301F-11D3-BF4B-00C04F79EFBC}") = "TaskBank", "TaskBank\TaskBank.csproj", "{15AE1C95-C090-4507-B3C6-04D279A7FFDF}"
EndProject
Global
	GlobalSection(SolutionConfigurationPlatforms) = preSolution
		Debug|Any CPU = Debug|Any CPU
		Release|Any CPU = Release|Any CPU
	EndGlobalSection
	GlobalSection(ProjectConfigurationPlatforms) = postSolution
		{15AE1C95-C090-4507-B3C6-04D279A7FFDF}.Debug|Any CPU.ActiveCfg = Debug|Any CPU
		{15AE1C95-C090-4507-B3C6-04D279A7FFDF}.Debug|Any CPU.Build.0 = Debug|Any CPU
		{15AE1C95-C090-4507-B3C6-04D279A7FFDF}.Release|Any CPU.ActiveCfg = Release|Any CPU
		{15AE1C95-C090-4507-B3C6-04D279A7FFDF}.Release|Any CPU.Build.0 = Release|Any CPU
	EndGlobalSection
	GlobalSection(SolutionProperties) = preSolution
		HideSolutionNode = FALSE
	EndGlobalSection
	GlobalSection(ExtensibilityGlobals) = postSolution
		SolutionGuid = {A9649302-F8BC-4001-820D-A782EAFC8227}
	EndGlobalSection
EndGlobal
