
Microsoft Visual Studio Solution File, Format Version 12.00
# Visual Studio Version 16
VisualStudioVersion = 16.0.31515.178
MinimumVisualStudioVersion = 10.0.40219.1
Project("{FAE04EC0-301F-11D3-BF4B-00C04F79EFBC}") = "MultipleTypesInOneTable", "MultipleTypesInOneTable\MultipleTypesInOneTable.csproj", "{35E9C89F-46B1-4E99-B93F-70B46D12B07F}"
EndProject
Project("{FAE04EC0-301F-11D3-BF4B-00C04F79EFBC}") = "ManyToManyExrc", "ManyToManyExrc\ManyToManyExrc.csproj", "{8D227CFD-2C27-43CD-8090-CB62DC1AF1EF}"
EndProject
Global
	GlobalSection(SolutionConfigurationPlatforms) = preSolution
		Debug|Any CPU = Debug|Any CPU
		Release|Any CPU = Release|Any CPU
	EndGlobalSection
	GlobalSection(ProjectConfigurationPlatforms) = postSolution
		{35E9C89F-46B1-4E99-B93F-70B46D12B07F}.Debug|Any CPU.ActiveCfg = Debug|Any CPU
		{35E9C89F-46B1-4E99-B93F-70B46D12B07F}.Debug|Any CPU.Build.0 = Debug|Any CPU
		{35E9C89F-46B1-4E99-B93F-70B46D12B07F}.Release|Any CPU.ActiveCfg = Release|Any CPU
		{35E9C89F-46B1-4E99-B93F-70B46D12B07F}.Release|Any CPU.Build.0 = Release|Any CPU
		{8D227CFD-2C27-43CD-8090-CB62DC1AF1EF}.Debug|Any CPU.ActiveCfg = Debug|Any CPU
		{8D227CFD-2C27-43CD-8090-CB62DC1AF1EF}.Debug|Any CPU.Build.0 = Debug|Any CPU
		{8D227CFD-2C27-43CD-8090-CB62DC1AF1EF}.Release|Any CPU.ActiveCfg = Release|Any CPU
		{8D227CFD-2C27-43CD-8090-CB62DC1AF1EF}.Release|Any CPU.Build.0 = Release|Any CPU
	EndGlobalSection
	GlobalSection(SolutionProperties) = preSolution
		HideSolutionNode = FALSE
	EndGlobalSection
	GlobalSection(ExtensibilityGlobals) = postSolution
		SolutionGuid = {A601FF97-439B-486D-8F21-39B6FB2AE488}
	EndGlobalSection
EndGlobal
