
Microsoft Visual Studio Solution File, Format Version 12.00
# Visual Studio Version 16
VisualStudioVersion = 16.0.30611.23
MinimumVisualStudioVersion = 10.0.40219.1
Project("{FAE04EC0-301F-11D3-BF4B-00C04F79EFBC}") = "MyCustomList", "MyCustomList\MyCustomList.csproj", "{CEC04003-7B8D-49FC-A7A7-96C4021FF999}"
EndProject
Global
	GlobalSection(SolutionConfigurationPlatforms) = preSolution
		Debug|Any CPU = Debug|Any CPU
		Release|Any CPU = Release|Any CPU
	EndGlobalSection
	GlobalSection(ProjectConfigurationPlatforms) = postSolution
		{CEC04003-7B8D-49FC-A7A7-96C4021FF999}.Debug|Any CPU.ActiveCfg = Debug|Any CPU
		{CEC04003-7B8D-49FC-A7A7-96C4021FF999}.Debug|Any CPU.Build.0 = Debug|Any CPU
		{CEC04003-7B8D-49FC-A7A7-96C4021FF999}.Release|Any CPU.ActiveCfg = Release|Any CPU
		{CEC04003-7B8D-49FC-A7A7-96C4021FF999}.Release|Any CPU.Build.0 = Release|Any CPU
	EndGlobalSection
	GlobalSection(SolutionProperties) = preSolution
		HideSolutionNode = FALSE
	EndGlobalSection
	GlobalSection(ExtensibilityGlobals) = postSolution
		SolutionGuid = {74D3F569-D521-4FAC-AC07-2DC03A55A717}
	EndGlobalSection
EndGlobal
